# This file was autogenerated by Stack.
# You should not edit this file by hand.
# For more information, please see the documentation at:
#   https://docs.haskellstack.org/en/stable/lock_files

packages:
- completed:
    name: implicit-hie
    version: 0.1.2.4
    git: https://github.com/Avi-D-coder/implicit-hie
    pantry-tree:
      size: 1287
      sha256: a6ee928fad0a3e13813357b65a567c7f192486f7eb7583ac5533321dc1b0d1cc
    commit: 6b67252006e5ca21f66faca0b6b566246d17f4bf
  original:
    git: https://github.com/Avi-D-coder/implicit-hie
    commit: 6b67252006e5ca21f66faca0b6b566246d17f4bf
snapshots:
- completed:
    size: 532832
    url: https://raw.githubusercontent.com/commercialhaskell/stackage-snapshots/master/lts/16/23.yaml
    sha256: fbb2a0519008533924c7753bd7164ddd1009f09504eb06674acad6049b46db09
  original: lts-16.23
